github.com/alessio/shellescape v1.4.1 h1:V7yhSDDn8LP4lc4jS8pFkt0zCnzVJlG5JXy9BVKJUX0=
github.com/alessio/shellescape v1.4.1/go.mod h1:PZAiSCk0LJaZkiCSkPv8qIobYglO3FPpyFjDCtHLS30=
github.com/davecgh/go-spew v1.1.1 h1:vj9j/u1bqnvCEfJOwUhtlOARqs3+rkHYY13jYWTU97c=
github.com/gorilla/mux v1.8.0 h1:i40aqfkR1h2SlN9hojwV5ZA91wcXFOvkdNIeFDP5koI=
github.com/gorilla/mux v1.8.0/go.mod h1:DVbg23sWSpFRCP0SfiEN6jmj59UnW/n46BH5rLB71So=
github.com/kr/pretty v0.2.1 h1:Fmg33tUaq4/8ym9TJN1x7sLJnHVwhP33CNkpYV/7rwI=
github.com/kr/pretty v0.2.1/go.mod h1:ipq/a2n7PKx3OHsz4KJII5eveXtPO4qwEXGdVfWzfnI=
github.com/kr/pty v1.1.1/go.mod h1:pFQYn66WHrOpPYNljwOMqo10TkYh1fy3cYio2l3bCsQ=
github.com/kr/text v0.1.0 h1:45sCR5RtlFHMR4UwH9sdQ5TC8v0qDQCHnXt+kaKSTVE=
github.com/kr/text v0.1.0/go.mod h1:4Jbv+DJW3UT/LiOwJeYQe1efqtUx/iVham/4vfdArNI=
github.com/pmezard/go-difflib v1.0.0 h1:4DBwDE0NGyQoBHbLQYPwSUPoCMWR5BEzIk/f1lZbAQM=
github.com/satori/go.uuid v1.2.0 h1:0uYX9dsZ2yD7q2RtLRtPSdGDWzjeM3TbMJP9utgA0ww=
github.com/satori/go.uuid v1.2.0/go.mod h1:dA0hQrYB0VpLJoorglMZABFdXlWrHn1NEOzdhQKdks0=
github.com/stretchr/testify v1.8.0 h1:pSgiaMZlXftHpm5L7V1+rVB+AZJydKsMxsQBIJw4PKk=
github.com/tawesoft/golib/v2 v2.6.1 h1:p4qo/yozlwip3PCZms6wUKIheIQm0S0qtiP2YgRijC8=
github.com/tawesoft/golib/v2 v2.6.1/go.mod h1:pNOo6yR1D79s9uYcG9apB7VxoE9Zimftq/BhSF9hjYs=
golang.org/x/crypto v0.3.0 h1:a06MkbcxBrEFc0w0QIZWXrH/9cCX6KJyWbBOIwAn+7A=
golang.org/x/crypto v0.3.0/go.mod h1:hebNnKkNXi2UzZN1eVRvBB7co0a+JxK6XbPiWVs/3J4=
golang.org/x/exp v0.0.0-20220827204233-334a2380cb91 h1:tnebWN09GYg9OLPss1KXj8txwZc6X6uMr6VFdcGNbHw=
golang.org/x/exp v0.0.0-20220827204233-334a2380cb91/go.mod h1:cyybsKvd6eL0RnXn6p/Grxp8F5bW7iYuBgsNCOHpMYE=
golang.org/x/sys v0.2.0 h1:ljd4t30dBnAvMZaQCevtY0xLLD0A+bRZXbgLMLU1F/A=
golang.org/x/sys v0.2.0/go.mod h1:oPkhp1MJrh7nUepCBck5+mAzfO9JrbApNNgaTdGDITg=
golang.org/x/text v0.4.0 h1:BrVqGRd7+k1DiOgtnFvAkoQEWQvBc25ouMJM6429SFg=
golang.org/x/text v0.4.0/go.mod h1:mrYo+phRRbMaCq/xk9113O4dZlRixOauAjOtrjsXDZ8=
gopkg.in/check.v1 v1.0.0-20201130134442-10cb98267c6c h1:Hei/4ADfdWqJk1ZMxUNpqntNwaWcugrBjAiHlqqRiVk=
gopkg.in/check.v1 v1.0.0-20201130134442-10cb98267c6c/go.mod h1:JHkPIbrfpd72SG/EVd6muEfDQjcINNoR0C8j2r3qZ4Q=
gopkg.in/yaml.v3 v3.0.1 h1:fxVm/GzAzEWqLHuvctI91KS9hhNmmWOoWu0XTYJS7CA=
